// !$*UTF8*$!
{
	archiveVersion = 1;
	classes = {
	};
	objectVersion = 48;
	objects = {

/* Begin PBXBuildFile section */
		2736B5FDE782474D229D52FF /* Pods_Munch.framework in Frameworks */ = {isa = PBXBuildFile; fileRef = C7146E65128077996D5CE157 /* Pods_Munch.framework */; };
		B02689A4205861CD0059179A /* drinks-icon.png in Resources */ = {isa = PBXBuildFile; fileRef = B026899C205861CD0059179A /* drinks-icon.png */; };
		B02689A5205861CD0059179A /* breakfast-icon.png in Resources */ = {isa = PBXBuildFile; fileRef = B026899D205861CD0059179A /* breakfast-icon.png */; };
		B02689A6205861CD0059179A /* poultry-icon.png in Resources */ = {isa = PBXBuildFile; fileRef = B026899E205861CD0059179A /* poultry-icon.png */; };
		B02689A7205861CD0059179A /* sandwhiches-icon.png in Resources */ = {isa = PBXBuildFile; fileRef = B026899F205861CD0059179A /* sandwhiches-icon.png */; };
		B02689A8205861CD0059179A /* red-meat-icon.png in Resources */ = {isa = PBXBuildFile; fileRef = B02689A0205861CD0059179A /* red-meat-icon.png */; };
		B02689A9205861CD0059179A /* soups-icon.png in Resources */ = {isa = PBXBuildFile; fileRef = B02689A1205861CD0059179A /* soups-icon.png */; };
		B02689AA205861CD0059179A /* dessert-icon.png in Resources */ = {isa = PBXBuildFile; fileRef = B02689A2205861CD0059179A /* dessert-icon.png */; };
		B02689AB205861CD0059179A /* vegetarian-icon.png in Resources */ = {isa = PBXBuildFile; fileRef = B02689A3205861CD0059179A /* vegetarian-icon.png */; };
		B02689AD20586CE00059179A /* seafood-icon.png in Resources */ = {isa = PBXBuildFile; fileRef = B02689AC20586CDF0059179A /* seafood-icon.png */; };
		B02689AF2058A1470059179A /* cell-selection-icon.png in Resources */ = {isa = PBXBuildFile; fileRef = B02689AE2058A1460059179A /* cell-selection-icon.png */; };
		B0272A472055DFB6003D662C /* cooking-button.png in Resources */ = {isa = PBXBuildFile; fileRef = B0272A452055DFB6003D662C /* cooking-button.png */; };
		B0272A482055DFB6003D662C /* pantry-button.png in Resources */ = {isa = PBXBuildFile; fileRef = B0272A462055DFB6003D662C /* pantry-button.png */; };
		B0272A4A20564540003D662C /* UserProfile.swift in Sources */ = {isa = PBXBuildFile; fileRef = B0272A4920564540003D662C /* UserProfile.swift */; };
		B0272A4C2056EFC7003D662C /* profile-login-icon.png in Resources */ = {isa = PBXBuildFile; fileRef = B0272A4B2056EFC7003D662C /* profile-login-icon.png */; };
		B02ACF8F205CA68200D8953B /* back-home-button.png in Resources */ = {isa = PBXBuildFile; fileRef = B02ACF8E205CA68100D8953B /* back-home-button.png */; };
		B02ACF91205CA8FC00D8953B /* NewRecipeSelection.swift in Sources */ = {isa = PBXBuildFile; fileRef = B02ACF90205CA8FC00D8953B /* NewRecipeSelection.swift */; };
		B02ACF94205CAE4300D8953B /* quick-recipe-icon.png in Resources */ = {isa = PBXBuildFile; fileRef = B02ACF92205CAE4200D8953B /* quick-recipe-icon.png */; };
		B02ACF97205CAF9100D8953B /* full-recipe-icon.png in Resources */ = {isa = PBXBuildFile; fileRef = B02ACF96205CAF9100D8953B /* full-recipe-icon.png */; };
		B02E97BB205221850000AB47 /* HomeViewController.swift in Sources */ = {isa = PBXBuildFile; fileRef = B02E97BA205221850000AB47 /* HomeViewController.swift */; };
		B053C9C4206AD143001E0411 /* NewRecipeFullViewController.swift in Sources */ = {isa = PBXBuildFile; fileRef = B053C9C3206AD143001E0411 /* NewRecipeFullViewController.swift */; };
		B053C9C6206C2730001E0411 /* recipe-name-icon.png in Resources */ = {isa = PBXBuildFile; fileRef = B053C9C5206C2730001E0411 /* recipe-name-icon.png */; };
		B053C9C8206D5E12001E0411 /* question-icon.png in Resources */ = {isa = PBXBuildFile; fileRef = B053C9C7206D5E11001E0411 /* question-icon.png */; };
		B053C9CA206EAEE6001E0411 /* ingredients-icon.png in Resources */ = {isa = PBXBuildFile; fileRef = B053C9C9206EAEE5001E0411 /* ingredients-icon.png */; };
		B0580E5C204E0D2900AF67BD /* password_login_icon.png in Resources */ = {isa = PBXBuildFile; fileRef = B0580E5A204E0D2900AF67BD /* password_login_icon.png */; };
		B0580E5F204E0F5F00AF67BD /* username_login_icon.png in Resources */ = {isa = PBXBuildFile; fileRef = B0580E5E204E0F5F00AF67BD /* username_login_icon.png */; };
		B0580E61204E110F00AF67BD /* login_button_background.png in Resources */ = {isa = PBXBuildFile; fileRef = B0580E60204E110E00AF67BD /* login_button_background.png */; };
		B0580E63204E143000AF67BD /* login_app_icon.png in Resources */ = {isa = PBXBuildFile; fileRef = B0580E62204E143000AF67BD /* login_app_icon.png */; };
		B0580E67204E20C200AF67BD /* GoogleService-Info.plist in Resources */ = {isa = PBXBuildFile; fileRef = B0580E66204E20C200AF67BD /* GoogleService-Info.plist */; };
		B0580E69204F50C400AF67BD /* NewUserViewController.swift in Sources */ = {isa = PBXBuildFile; fileRef = B0580E68204F50C400AF67BD /* NewUserViewController.swift */; };
		B06175D6204CEB2A00462CCE /* AppDelegate.swift in Sources */ = {isa = PBXBuildFile; fileRef = B06175D5204CEB2A00462CCE /* AppDelegate.swift */; };
		B06175D8204CEB2A00462CCE /* LoginViewController.swift in Sources */ = {isa = PBXBuildFile; fileRef = B06175D7204CEB2A00462CCE /* LoginViewController.swift */; };
		B06175DB204CEB2A00462CCE /* Main.storyboard in Resources */ = {isa = PBXBuildFile; fileRef = B06175D9204CEB2A00462CCE /* Main.storyboard */; };
		B06175DD204CEB2A00462CCE /* Assets.xcassets in Resources */ = {isa = PBXBuildFile; fileRef = B06175DC204CEB2A00462CCE /* Assets.xcassets */; };
		B06175E0204CEB2A00462CCE /* LaunchScreen.storyboard in Resources */ = {isa = PBXBuildFile; fileRef = B06175DE204CEB2A00462CCE /* LaunchScreen.storyboard */; };
		B08AFABB2054597B00B7DF2F /* FoodItem.swift in Sources */ = {isa = PBXBuildFile; fileRef = B08AFABA2054597B00B7DF2F /* FoodItem.swift */; };
		B09DFCEF2065780C0037AFD7 /* RecipeCategoryListViewController.swift in Sources */ = {isa = PBXBuildFile; fileRef = B09DFCEE2065780C0037AFD7 /* RecipeCategoryListViewController.swift */; };
		B09DFCF120681BCF0037AFD7 /* Recipe.swift in Sources */ = {isa = PBXBuildFile; fileRef = B09DFCF020681BCF0037AFD7 /* Recipe.swift */; };
		B0A410D6204CF28D00341042 /* login_background.png in Resources */ = {isa = PBXBuildFile; fileRef = B0A410D5204CF28D00341042 /* login_background.png */; };
		B0A410ED204CF3C000341042 /* Lato-HeavyItalic.ttf in Resources */ = {isa = PBXBuildFile; fileRef = B0A410D9204CF3C000341042 /* Lato-HeavyItalic.ttf */; };
		B0A410EE204CF3C000341042 /* Lato-Italic.ttf in Resources */ = {isa = PBXBuildFile; fileRef = B0A410DA204CF3C000341042 /* Lato-Italic.ttf */; };
		B0A410EF204CF3C000341042 /* Lato-LightItalic.ttf in Resources */ = {isa = PBXBuildFile; fileRef = B0A410DB204CF3C000341042 /* Lato-LightItalic.ttf */; };
		B0A410F0204CF3C000341042 /* Lato-Thin.ttf in Resources */ = {isa = PBXBuildFile; fileRef = B0A410DC204CF3C000341042 /* Lato-Thin.ttf */; };
		B0A410F1204CF3C000341042 /* Lato-Bold.ttf in Resources */ = {isa = PBXBuildFile; fileRef = B0A410DD204CF3C000341042 /* Lato-Bold.ttf */; };
		B0A410F2204CF3C000341042 /* Lato-Black.ttf in Resources */ = {isa = PBXBuildFile; fileRef = B0A410DE204CF3C000341042 /* Lato-Black.ttf */; };
		B0A410F3204CF3C000341042 /* Lato-SemiboldItalic.ttf in Resources */ = {isa = PBXBuildFile; fileRef = B0A410DF204CF3C000341042 /* Lato-SemiboldItalic.ttf */; };
		B0A410F4204CF3C000341042 /* Lato-HairlineItalic.ttf in Resources */ = {isa = PBXBuildFile; fileRef = B0A410E0204CF3C000341042 /* Lato-HairlineItalic.ttf */; };
		B0A410F5204CF3C000341042 /* Lato-Regular.ttf in Resources */ = {isa = PBXBuildFile; fileRef = B0A410E1204CF3C000341042 /* Lato-Regular.ttf */; };
		B0A410F6204CF3C000341042 /* Lato-Hairline.ttf in Resources */ = {isa = PBXBuildFile; fileRef = B0A410E2204CF3C000341042 /* Lato-Hairline.ttf */; };
		B0A410F7204CF3C000341042 /* Lato-BlackItalic.ttf in Resources */ = {isa = PBXBuildFile; fileRef = B0A410E3204CF3C000341042 /* Lato-BlackItalic.ttf */; };
		B0A410F8204CF3C000341042 /* Lato-Semibold.ttf in Resources */ = {isa = PBXBuildFile; fileRef = B0A410E4204CF3C000341042 /* Lato-Semibold.ttf */; };
		B0A410F9204CF3C000341042 /* Lato-MediumItalic.ttf in Resources */ = {isa = PBXBuildFile; fileRef = B0A410E5204CF3C000341042 /* Lato-MediumItalic.ttf */; };
		B0A410FA204CF3C000341042 /* OFL.txt in Resources */ = {isa = PBXBuildFile; fileRef = B0A410E6204CF3C000341042 /* OFL.txt */; };
		B0A410FB204CF3C000341042 /* Lato-Heavy.ttf in Resources */ = {isa = PBXBuildFile; fileRef = B0A410E7204CF3C000341042 /* Lato-Heavy.ttf */; };
		B0A410FC204CF3C000341042 /* README.txt in Resources */ = {isa = PBXBuildFile; fileRef = B0A410E8204CF3C000341042 /* README.txt */; };
		B0A410FD204CF3C000341042 /* Lato-BoldItalic.ttf in Resources */ = {isa = PBXBuildFile; fileRef = B0A410E9204CF3C000341042 /* Lato-BoldItalic.ttf */; };
		B0A410FE204CF3C000341042 /* Lato-Light.ttf in Resources */ = {isa = PBXBuildFile; fileRef = B0A410EA204CF3C000341042 /* Lato-Light.ttf */; };
		B0A410FF204CF3C000341042 /* Lato-Medium.ttf in Resources */ = {isa = PBXBuildFile; fileRef = B0A410EB204CF3C000341042 /* Lato-Medium.ttf */; };
		B0A41100204CF3C000341042 /* Lato-ThinItalic.ttf in Resources */ = {isa = PBXBuildFile; fileRef = B0A410EC204CF3C000341042 /* Lato-ThinItalic.ttf */; };
		B0B13A9D20582DF60013C38B /* PantryViewController.swift in Sources */ = {isa = PBXBuildFile; fileRef = B0B13A9C20582DF60013C38B /* PantryViewController.swift */; };
		B0B13AA020582E930013C38B /* SegueFromLeft.swift in Sources */ = {isa = PBXBuildFile; fileRef = B0B13A9F20582E930013C38B /* SegueFromLeft.swift */; };
		B0B13AA220582EB00013C38B /* SegueFromRight.swift in Sources */ = {isa = PBXBuildFile; fileRef = B0B13AA120582EB00013C38B /* SegueFromRight.swift */; };
		B0B13AA4205832040013C38B /* KitchenViewController.swift in Sources */ = {isa = PBXBuildFile; fileRef = B0B13AA3205832040013C38B /* KitchenViewController.swift */; };
		B0B13AA6205835190013C38B /* CookingCategory.swift in Sources */ = {isa = PBXBuildFile; fileRef = B0B13AA5205835190013C38B /* CookingCategory.swift */; };
		B0B13AA9205835AD0013C38B /* CookingCategories.swift in Sources */ = {isa = PBXBuildFile; fileRef = B0B13AA8205835AD0013C38B /* CookingCategories.swift */; };
/* End PBXBuildFile section */

/* Begin PBXFileReference section */
		849FDCB9F6529C7B18E939C7 /* Pods-Munch.release.xcconfig */ = {isa = PBXFileReference; includeInIndex = 1; lastKnownFileType = text.xcconfig; name = "Pods-Munch.release.xcconfig"; path = "Pods/Target Support Files/Pods-Munch/Pods-Munch.release.xcconfig"; sourceTree = "<group>"; };
		B026899C205861CD0059179A /* drinks-icon.png */ = {isa = PBXFileReference; lastKnownFileType = image.png; path = "drinks-icon.png"; sourceTree = "<group>"; };
		B026899D205861CD0059179A /* breakfast-icon.png */ = {isa = PBXFileReference; lastKnownFileType = image.png; path = "breakfast-icon.png"; sourceTree = "<group>"; };
		B026899E205861CD0059179A /* poultry-icon.png */ = {isa = PBXFileReference; lastKnownFileType = image.png; path = "poultry-icon.png"; sourceTree = "<group>"; };
		B026899F205861CD0059179A /* sandwhiches-icon.png */ = {isa = PBXFileReference; lastKnownFileType = image.png; path = "sandwhiches-icon.png"; sourceTree = "<group>"; };
		B02689A0205861CD0059179A /* red-meat-icon.png */ = {isa = PBXFileReference; lastKnownFileType = image.png; path = "red-meat-icon.png"; sourceTree = "<group>"; };
		B02689A1205861CD0059179A /* soups-icon.png */ = {isa = PBXFileReference; lastKnownFileType = image.png; path = "soups-icon.png"; sourceTree = "<group>"; };
		B02689A2205861CD0059179A /* dessert-icon.png */ = {isa = PBXFileReference; lastKnownFileType = image.png; path = "dessert-icon.png"; sourceTree = "<group>"; };
		B02689A3205861CD0059179A /* vegetarian-icon.png */ = {isa = PBXFileReference; lastKnownFileType = image.png; path = "vegetarian-icon.png"; sourceTree = "<group>"; };
		B02689AC20586CDF0059179A /* seafood-icon.png */ = {isa = PBXFileReference; lastKnownFileType = image.png; path = "seafood-icon.png"; sourceTree = "<group>"; };
		B02689AE2058A1460059179A /* cell-selection-icon.png */ = {isa = PBXFileReference; lastKnownFileType = image.png; path = "cell-selection-icon.png"; sourceTree = "<group>"; };
		B0272A452055DFB6003D662C /* cooking-button.png */ = {isa = PBXFileReference; lastKnownFileType = image.png; path = "cooking-button.png"; sourceTree = "<group>"; };
		B0272A462055DFB6003D662C /* pantry-button.png */ = {isa = PBXFileReference; lastKnownFileType = image.png; path = "pantry-button.png"; sourceTree = "<group>"; };
		B0272A4920564540003D662C /* UserProfile.swift */ = {isa = PBXFileReference; lastKnownFileType = sourcecode.swift; path = UserProfile.swift; sourceTree = "<group>"; };
		B0272A4B2056EFC7003D662C /* profile-login-icon.png */ = {isa = PBXFileReference; lastKnownFileType = image.png; path = "profile-login-icon.png"; sourceTree = "<group>"; };
		B02ACF8E205CA68100D8953B /* back-home-button.png */ = {isa = PBXFileReference; lastKnownFileType = image.png; path = "back-home-button.png"; sourceTree = "<group>"; };
		B02ACF90205CA8FC00D8953B /* NewRecipeSelection.swift */ = {isa = PBXFileReference; lastKnownFileType = sourcecode.swift; path = NewRecipeSelection.swift; sourceTree = "<group>"; };
		B02ACF92205CAE4200D8953B /* quick-recipe-icon.png */ = {isa = PBXFileReference; lastKnownFileType = image.png; path = "quick-recipe-icon.png"; sourceTree = "<group>"; };
		B02ACF96205CAF9100D8953B /* full-recipe-icon.png */ = {isa = PBXFileReference; lastKnownFileType = image.png; path = "full-recipe-icon.png"; sourceTree = "<group>"; };
		B02E97BA205221850000AB47 /* HomeViewController.swift */ = {isa = PBXFileReference; lastKnownFileType = sourcecode.swift; path = HomeViewController.swift; sourceTree = "<group>"; };
		B053C9C3206AD143001E0411 /* NewRecipeFullViewController.swift */ = {isa = PBXFileReference; lastKnownFileType = sourcecode.swift; path = NewRecipeFullViewController.swift; sourceTree = "<group>"; };
		B053C9C5206C2730001E0411 /* recipe-name-icon.png */ = {isa = PBXFileReference; lastKnownFileType = image.png; path = "recipe-name-icon.png"; sourceTree = "<group>"; };
		B053C9C7206D5E11001E0411 /* question-icon.png */ = {isa = PBXFileReference; lastKnownFileType = image.png; path = "question-icon.png"; sourceTree = "<group>"; };
		B053C9C9206EAEE5001E0411 /* ingredients-icon.png */ = {isa = PBXFileReference; lastKnownFileType = image.png; path = "ingredients-icon.png"; sourceTree = "<group>"; };
		B0580E5A204E0D2900AF67BD /* password_login_icon.png */ = {isa = PBXFileReference; lastKnownFileType = image.png; path = password_login_icon.png; sourceTree = "<group>"; };
		B0580E5E204E0F5F00AF67BD /* username_login_icon.png */ = {isa = PBXFileReference; lastKnownFileType = image.png; path = username_login_icon.png; sourceTree = "<group>"; };
		B0580E60204E110E00AF67BD /* login_button_background.png */ = {isa = PBXFileReference; lastKnownFileType = image.png; path = login_button_background.png; sourceTree = "<group>"; };
		B0580E62204E143000AF67BD /* login_app_icon.png */ = {isa = PBXFileReference; lastKnownFileType = image.png; path = login_app_icon.png; sourceTree = "<group>"; };
		B0580E66204E20C200AF67BD /* GoogleService-Info.plist */ = {isa = PBXFileReference; fileEncoding = 4; lastKnownFileType = text.plist.xml; path = "GoogleService-Info.plist"; sourceTree = "<group>"; };
		B0580E68204F50C400AF67BD /* NewUserViewController.swift */ = {isa = PBXFileReference; lastKnownFileType = sourcecode.swift; path = NewUserViewController.swift; sourceTree = "<group>"; };
		B06175D2204CEB2A00462CCE /* Munch.app */ = {isa = PBXFileReference; explicitFileType = wrapper.application; includeInIndex = 0; path = Munch.app; sourceTree = BUILT_PRODUCTS_DIR; };
		B06175D5204CEB2A00462CCE /* AppDelegate.swift */ = {isa = PBXFileReference; lastKnownFileType = sourcecode.swift; path = AppDelegate.swift; sourceTree = "<group>"; };
		B06175D7204CEB2A00462CCE /* LoginViewController.swift */ = {isa = PBXFileReference; lastKnownFileType = sourcecode.swift; path = LoginViewController.swift; sourceTree = "<group>"; };
		B06175DA204CEB2A00462CCE /* Base */ = {isa = PBXFileReference; lastKnownFileType = file.storyboard; name = Base; path = Base.lproj/Main.storyboard; sourceTree = "<group>"; };
		B06175DC204CEB2A00462CCE /* Assets.xcassets */ = {isa = PBXFileReference; lastKnownFileType = folder.assetcatalog; path = Assets.xcassets; sourceTree = "<group>"; };
		B06175DF204CEB2A00462CCE /* Base */ = {isa = PBXFileReference; lastKnownFileType = file.storyboard; name = Base; path = Base.lproj/LaunchScreen.storyboard; sourceTree = "<group>"; };
		B06175E1204CEB2A00462CCE /* Info.plist */ = {isa = PBXFileReference; lastKnownFileType = text.plist.xml; path = Info.plist; sourceTree = "<group>"; };
		B08AFABA2054597B00B7DF2F /* FoodItem.swift */ = {isa = PBXFileReference; lastKnownFileType = sourcecode.swift; path = FoodItem.swift; sourceTree = "<group>"; };
		B09DFCEE2065780C0037AFD7 /* RecipeCategoryListViewController.swift */ = {isa = PBXFileReference; lastKnownFileType = sourcecode.swift; path = RecipeCategoryListViewController.swift; sourceTree = "<group>"; };
		B09DFCF020681BCF0037AFD7 /* Recipe.swift */ = {isa = PBXFileReference; lastKnownFileType = sourcecode.swift; path = Recipe.swift; sourceTree = "<group>"; };
		B0A410D5204CF28D00341042 /* login_background.png */ = {isa = PBXFileReference; lastKnownFileType = image.png; path = login_background.png; sourceTree = "<group>"; };
		B0A410D9204CF3C000341042 /* Lato-HeavyItalic.ttf */ = {isa = PBXFileReference; lastKnownFileType = file; path = "Lato-HeavyItalic.ttf"; sourceTree = "<group>"; };
		B0A410DA204CF3C000341042 /* Lato-Italic.ttf */ = {isa = PBXFileReference; lastKnownFileType = file; path = "Lato-Italic.ttf"; sourceTree = "<group>"; };
		B0A410DB204CF3C000341042 /* Lato-LightItalic.ttf */ = {isa = PBXFileReference; lastKnownFileType = file; path = "Lato-LightItalic.ttf"; sourceTree = "<group>"; };
		B0A410DC204CF3C000341042 /* Lato-Thin.ttf */ = {isa = PBXFileReference; lastKnownFileType = file; path = "Lato-Thin.ttf"; sourceTree = "<group>"; };
		B0A410DD204CF3C000341042 /* Lato-Bold.ttf */ = {isa = PBXFileReference; lastKnownFileType = file; path = "Lato-Bold.ttf"; sourceTree = "<group>"; };
		B0A410DE204CF3C000341042 /* Lato-Black.ttf */ = {isa = PBXFileReference; lastKnownFileType = file; path = "Lato-Black.ttf"; sourceTree = "<group>"; };
		B0A410DF204CF3C000341042 /* Lato-SemiboldItalic.ttf */ = {isa = PBXFileReference; lastKnownFileType = file; path = "Lato-SemiboldItalic.ttf"; sourceTree = "<group>"; };
		B0A410E0204CF3C000341042 /* Lato-HairlineItalic.ttf */ = {isa = PBXFileReference; lastKnownFileType = file; path = "Lato-HairlineItalic.ttf"; sourceTree = "<group>"; };
		B0A410E1204CF3C000341042 /* Lato-Regular.ttf */ = {isa = PBXFileReference; lastKnownFileType = file; path = "Lato-Regular.ttf"; sourceTree = "<group>"; };
		B0A410E2204CF3C000341042 /* Lato-Hairline.ttf */ = {isa = PBXFileReference; lastKnownFileType = file; path = "Lato-Hairline.ttf"; sourceTree = "<group>"; };
		B0A410E3204CF3C000341042 /* Lato-BlackItalic.ttf */ = {isa = PBXFileReference; lastKnownFileType = file; path = "Lato-BlackItalic.ttf"; sourceTree = "<group>"; };
		B0A410E4204CF3C000341042 /* Lato-Semibold.ttf */ = {isa = PBXFileReference; lastKnownFileType = file; path = "Lato-Semibold.ttf"; sourceTree = "<group>"; };
		B0A410E5204CF3C000341042 /* Lato-MediumItalic.ttf */ = {isa = PBXFileReference; lastKnownFileType = file; path = "Lato-MediumItalic.ttf"; sourceTree = "<group>"; };
		B0A410E6204CF3C000341042 /* OFL.txt */ = {isa = PBXFileReference; fileEncoding = 4; lastKnownFileType = text; path = OFL.txt; sourceTree = "<group>"; };
		B0A410E7204CF3C000341042 /* Lato-Heavy.ttf */ = {isa = PBXFileReference; lastKnownFileType = file; path = "Lato-Heavy.ttf"; sourceTree = "<group>"; };
		B0A410E8204CF3C000341042 /* README.txt */ = {isa = PBXFileReference; fileEncoding = 4; lastKnownFileType = text; path = README.txt; sourceTree = "<group>"; };
		B0A410E9204CF3C000341042 /* Lato-BoldItalic.ttf */ = {isa = PBXFileReference; lastKnownFileType = file; path = "Lato-BoldItalic.ttf"; sourceTree = "<group>"; };
		B0A410EA204CF3C000341042 /* Lato-Light.ttf */ = {isa = PBXFileReference; lastKnownFileType = file; path = "Lato-Light.ttf"; sourceTree = "<group>"; };
		B0A410EB204CF3C000341042 /* Lato-Medium.ttf */ = {isa = PBXFileReference; lastKnownFileType = file; path = "Lato-Medium.ttf"; sourceTree = "<group>"; };
		B0A410EC204CF3C000341042 /* Lato-ThinItalic.ttf */ = {isa = PBXFileReference; lastKnownFileType = file; path = "Lato-ThinItalic.ttf"; sourceTree = "<group>"; };
		B0B13A9C20582DF60013C38B /* PantryViewController.swift */ = {isa = PBXFileReference; lastKnownFileType = sourcecode.swift; path = PantryViewController.swift; sourceTree = "<group>"; };
		B0B13A9F20582E930013C38B /* SegueFromLeft.swift */ = {isa = PBXFileReference; lastKnownFileType = sourcecode.swift; path = SegueFromLeft.swift; sourceTree = "<group>"; };
		B0B13AA120582EB00013C38B /* SegueFromRight.swift */ = {isa = PBXFileReference; lastKnownFileType = sourcecode.swift; path = SegueFromRight.swift; sourceTree = "<group>"; };
		B0B13AA3205832040013C38B /* KitchenViewController.swift */ = {isa = PBXFileReference; lastKnownFileType = sourcecode.swift; path = KitchenViewController.swift; sourceTree = "<group>"; };
		B0B13AA5205835190013C38B /* CookingCategory.swift */ = {isa = PBXFileReference; lastKnownFileType = sourcecode.swift; path = CookingCategory.swift; sourceTree = "<group>"; };
		B0B13AA8205835AD0013C38B /* CookingCategories.swift */ = {isa = PBXFileReference; lastKnownFileType = sourcecode.swift; path = CookingCategories.swift; sourceTree = "<group>"; };
		BCCE8041DC44A2C9976B2C6E /* Pods-Munch.debug.xcconfig */ = {isa = PBXFileReference; includeInIndex = 1; lastKnownFileType = text.xcconfig; name = "Pods-Munch.debug.xcconfig"; path = "Pods/Target Support Files/Pods-Munch/Pods-Munch.debug.xcconfig"; sourceTree = "<group>"; };
		C7146E65128077996D5CE157 /* Pods_Munch.framework */ = {isa = PBXFileReference; explicitFileType = wrapper.framework; includeInIndex = 0; path = Pods_Munch.framework; sourceTree = BUILT_PRODUCTS_DIR; };
/* End PBXFileReference section */

/* Begin PBXFrameworksBuildPhase section */
		B06175CF204CEB2A00462CCE /* Frameworks */ = {
			isa = PBXFrameworksBuildPhase;
			buildActionMask = 2147483647;
			files = (
				2736B5FDE782474D229D52FF /* Pods_Munch.framework in Frameworks */,
			);
			runOnlyForDeploymentPostprocessing = 0;
		};
/* End PBXFrameworksBuildPhase section */

/* Begin PBXGroup section */
		0626F840A184353C4D5F4F5D /* Pods */ = {
			isa = PBXGroup;
			children = (
				BCCE8041DC44A2C9976B2C6E /* Pods-Munch.debug.xcconfig */,
				849FDCB9F6529C7B18E939C7 /* Pods-Munch.release.xcconfig */,
			);
			name = Pods;
			sourceTree = "<group>";
		};
		B0580E64204E1B7800AF67BD /* View Controllers */ = {
			isa = PBXGroup;
			children = (
				B06175D7204CEB2A00462CCE /* LoginViewController.swift */,
				B0580E68204F50C400AF67BD /* NewUserViewController.swift */,
				B02E97BA205221850000AB47 /* HomeViewController.swift */,
				B0B13A9C20582DF60013C38B /* PantryViewController.swift */,
				B0B13AA3205832040013C38B /* KitchenViewController.swift */,
				B02ACF90205CA8FC00D8953B /* NewRecipeSelection.swift */,
				B09DFCEE2065780C0037AFD7 /* RecipeCategoryListViewController.swift */,
				B053C9C3206AD143001E0411 /* NewRecipeFullViewController.swift */,
			);
			path = "View Controllers";
			sourceTree = "<group>";
		};
		B0580E65204E1B8B00AF67BD /* Storyboards */ = {
			isa = PBXGroup;
			children = (
				B06175D9204CEB2A00462CCE /* Main.storyboard */,
				B06175DE204CEB2A00462CCE /* LaunchScreen.storyboard */,
			);
			path = Storyboards;
			sourceTree = "<group>";
		};
		B06175C9204CEB2A00462CCE = {
			isa = PBXGroup;
			children = (
				B06175D4204CEB2A00462CCE /* Munch */,
				B06175D3204CEB2A00462CCE /* Products */,
				0626F840A184353C4D5F4F5D /* Pods */,
				E0E4434E2701CF00DDC2F82B /* Frameworks */,
			);
			sourceTree = "<group>";
		};
		B06175D3204CEB2A00462CCE /* Products */ = {
			isa = PBXGroup;
			children = (
				B06175D2204CEB2A00462CCE /* Munch.app */,
			);
			name = Products;
			sourceTree = "<group>";
		};
		B06175D4204CEB2A00462CCE /* Munch */ = {
			isa = PBXGroup;
			children = (
				B0B13AA72058358E0013C38B /* Constants */,
				B0B13A9E20582E660013C38B /* Segue Animations */,
				B08AFAB92054596300B7DF2F /* Classes */,
				B0580E65204E1B8B00AF67BD /* Storyboards */,
				B0580E64204E1B7800AF67BD /* View Controllers */,
				B0A410D3204CF27B00341042 /* Assets */,
				B06175D5204CEB2A00462CCE /* AppDelegate.swift */,
				B06175E1204CEB2A00462CCE /* Info.plist */,
				B0580E66204E20C200AF67BD /* GoogleService-Info.plist */,
			);
			path = Munch;
			sourceTree = "<group>";
		};
		B08AFAB92054596300B7DF2F /* Classes */ = {
			isa = PBXGroup;
			children = (
				B08AFABA2054597B00B7DF2F /* FoodItem.swift */,
				B0272A4920564540003D662C /* UserProfile.swift */,
				B0B13AA5205835190013C38B /* CookingCategory.swift */,
				B09DFCF020681BCF0037AFD7 /* Recipe.swift */,
			);
			path = Classes;
			sourceTree = "<group>";
		};
		B0A410D3204CF27B00341042 /* Assets */ = {
			isa = PBXGroup;
			children = (
				B06175DC204CEB2A00462CCE /* Assets.xcassets */,
				B0A410D7204CF3AE00341042 /* Fonts */,
				B0A410D4204CF28100341042 /* Images */,
			);
			path = Assets;
			sourceTree = "<group>";
		};
		B0A410D4204CF28100341042 /* Images */ = {
			isa = PBXGroup;
			children = (
				B053C9C9206EAEE5001E0411 /* ingredients-icon.png */,
				B053C9C7206D5E11001E0411 /* question-icon.png */,
				B053C9C5206C2730001E0411 /* recipe-name-icon.png */,
				B02ACF96205CAF9100D8953B /* full-recipe-icon.png */,
				B02ACF92205CAE4200D8953B /* quick-recipe-icon.png */,
				B02ACF8E205CA68100D8953B /* back-home-button.png */,
				B02689AE2058A1460059179A /* cell-selection-icon.png */,
				B02689AC20586CDF0059179A /* seafood-icon.png */,
				B026899D205861CD0059179A /* breakfast-icon.png */,
				B02689A2205861CD0059179A /* dessert-icon.png */,
				B026899C205861CD0059179A /* drinks-icon.png */,
				B026899E205861CD0059179A /* poultry-icon.png */,
				B02689A0205861CD0059179A /* red-meat-icon.png */,
				B026899F205861CD0059179A /* sandwhiches-icon.png */,
				B02689A1205861CD0059179A /* soups-icon.png */,
				B02689A3205861CD0059179A /* vegetarian-icon.png */,
				B0272A452055DFB6003D662C /* cooking-button.png */,
				B0272A462055DFB6003D662C /* pantry-button.png */,
				B0580E5E204E0F5F00AF67BD /* username_login_icon.png */,
				B0580E5A204E0D2900AF67BD /* password_login_icon.png */,
				B0272A4B2056EFC7003D662C /* profile-login-icon.png */,
				B0A410D5204CF28D00341042 /* login_background.png */,
				B0580E60204E110E00AF67BD /* login_button_background.png */,
				B0580E62204E143000AF67BD /* login_app_icon.png */,
			);
			path = Images;
			sourceTree = "<group>";
		};
		B0A410D7204CF3AE00341042 /* Fonts */ = {
			isa = PBXGroup;
			children = (
				B0A410D8204CF3C000341042 /* Lato */,
			);
			path = Fonts;
			sourceTree = "<group>";
		};
		B0A410D8204CF3C000341042 /* Lato */ = {
			isa = PBXGroup;
			children = (
				B0A410D9204CF3C000341042 /* Lato-HeavyItalic.ttf */,
				B0A410DA204CF3C000341042 /* Lato-Italic.ttf */,
				B0A410DB204CF3C000341042 /* Lato-LightItalic.ttf */,
				B0A410DC204CF3C000341042 /* Lato-Thin.ttf */,
				B0A410DD204CF3C000341042 /* Lato-Bold.ttf */,
				B0A410DE204CF3C000341042 /* Lato-Black.ttf */,
				B0A410DF204CF3C000341042 /* Lato-SemiboldItalic.ttf */,
				B0A410E0204CF3C000341042 /* Lato-HairlineItalic.ttf */,
				B0A410E1204CF3C000341042 /* Lato-Regular.ttf */,
				B0A410E2204CF3C000341042 /* Lato-Hairline.ttf */,
				B0A410E3204CF3C000341042 /* Lato-BlackItalic.ttf */,
				B0A410E4204CF3C000341042 /* Lato-Semibold.ttf */,
				B0A410E5204CF3C000341042 /* Lato-MediumItalic.ttf */,
				B0A410E6204CF3C000341042 /* OFL.txt */,
				B0A410E7204CF3C000341042 /* Lato-Heavy.ttf */,
				B0A410E8204CF3C000341042 /* README.txt */,
				B0A410E9204CF3C000341042 /* Lato-BoldItalic.ttf */,
				B0A410EA204CF3C000341042 /* Lato-Light.ttf */,
				B0A410EB204CF3C000341042 /* Lato-Medium.ttf */,
				B0A410EC204CF3C000341042 /* Lato-ThinItalic.ttf */,
			);
			path = Lato;
			sourceTree = "<group>";
		};
		B0B13A9E20582E660013C38B /* Segue Animations */ = {
			isa = PBXGroup;
			children = (
				B0B13A9F20582E930013C38B /* SegueFromLeft.swift */,
				B0B13AA120582EB00013C38B /* SegueFromRight.swift */,
			);
			path = "Segue Animations";
			sourceTree = "<group>";
		};
		B0B13AA72058358E0013C38B /* Constants */ = {
			isa = PBXGroup;
			children = (
				B0B13AA8205835AD0013C38B /* CookingCategories.swift */,
			);
			path = Constants;
			sourceTree = "<group>";
		};
		E0E4434E2701CF00DDC2F82B /* Frameworks */ = {
			isa = PBXGroup;
			children = (
				C7146E65128077996D5CE157 /* Pods_Munch.framework */,
			);
			name = Frameworks;
			sourceTree = "<group>";
		};
/* End PBXGroup section */

/* Begin PBXNativeTarget section */
		B06175D1204CEB2A00462CCE /* Munch */ = {
			isa = PBXNativeTarget;
			buildConfigurationList = B06175E4204CEB2A00462CCE /* Build configuration list for PBXNativeTarget "Munch" */;
			buildPhases = (
				A63D6EE45273F5893957C8B3 /* [CP] Check Pods Manifest.lock */,
				B06175CE204CEB2A00462CCE /* Sources */,
				B06175CF204CEB2A00462CCE /* Frameworks */,
				B06175D0204CEB2A00462CCE /* Resources */,
				BA6C4BF9FF4C22F499AF80F8 /* [CP] Embed Pods Frameworks */,
				60514895894897B083CE0819 /* [CP] Copy Pods Resources */,
			);
			buildRules = (
			);
			dependencies = (
			);
			name = Munch;
			productName = Munch;
			productReference = B06175D2204CEB2A00462CCE /* Munch.app */;
			productType = "com.apple.product-type.application";
		};
/* End PBXNativeTarget section */

/* Begin PBXProject section */
		B06175CA204CEB2A00462CCE /* Project object */ = {
			isa = PBXProject;
			attributes = {
				LastSwiftUpdateCheck = 0920;
				LastUpgradeCheck = 0920;
				ORGANIZATIONNAME = "Dylan Rothfeld";
				TargetAttributes = {
					B06175D1204CEB2A00462CCE = {
						CreatedOnToolsVersion = 9.2;
						ProvisioningStyle = Automatic;
					};
				};
			};
			buildConfigurationList = B06175CD204CEB2A00462CCE /* Build configuration list for PBXProject "Munch" */;
			compatibilityVersion = "Xcode 8.0";
			developmentRegion = en;
			hasScannedForEncodings = 0;
			knownRegions = (
				en,
				Base,
			);
			mainGroup = B06175C9204CEB2A00462CCE;
			productRefGroup = B06175D3204CEB2A00462CCE /* Products */;
			projectDirPath = "";
			projectRoot = "";
			targets = (
				B06175D1204CEB2A00462CCE /* Munch */,
			);
		};
/* End PBXProject section */

/* Begin PBXResourcesBuildPhase section */
		B06175D0204CEB2A00462CCE /* Resources */ = {
			isa = PBXResourcesBuildPhase;
			buildActionMask = 2147483647;
			files = (
				B0A410ED204CF3C000341042 /* Lato-HeavyItalic.ttf in Resources */,
				B0A410FB204CF3C000341042 /* Lato-Heavy.ttf in Resources */,
				B02ACF97205CAF9100D8953B /* full-recipe-icon.png in Resources */,
				B0A410F0204CF3C000341042 /* Lato-Thin.ttf in Resources */,
				B0A410FE204CF3C000341042 /* Lato-Light.ttf in Resources */,
				B02ACF8F205CA68200D8953B /* back-home-button.png in Resources */,
				B0580E67204E20C200AF67BD /* GoogleService-Info.plist in Resources */,
				B0A410F7204CF3C000341042 /* Lato-BlackItalic.ttf in Resources */,
				B02689A7205861CD0059179A /* sandwhiches-icon.png in Resources */,
				B0272A472055DFB6003D662C /* cooking-button.png in Resources */,
				B0A410F4204CF3C000341042 /* Lato-HairlineItalic.ttf in Resources */,
				B06175E0204CEB2A00462CCE /* LaunchScreen.storyboard in Resources */,
				B0A410F3204CF3C000341042 /* Lato-SemiboldItalic.ttf in Resources */,
				B0A410F9204CF3C000341042 /* Lato-MediumItalic.ttf in Resources */,
				B02689A4205861CD0059179A /* drinks-icon.png in Resources */,
				B06175DD204CEB2A00462CCE /* Assets.xcassets in Resources */,
				B06175DB204CEB2A00462CCE /* Main.storyboard in Resources */,
				B0A410FF204CF3C000341042 /* Lato-Medium.ttf in Resources */,
				B02689A6205861CD0059179A /* poultry-icon.png in Resources */,
				B053C9C8206D5E12001E0411 /* question-icon.png in Resources */,
				B02689A9205861CD0059179A /* soups-icon.png in Resources */,
				B0272A482055DFB6003D662C /* pantry-button.png in Resources */,
				B02689A5205861CD0059179A /* breakfast-icon.png in Resources */,
				B0A410EE204CF3C000341042 /* Lato-Italic.ttf in Resources */,
				B0A41100204CF3C000341042 /* Lato-ThinItalic.ttf in Resources */,
				B053C9CA206EAEE6001E0411 /* ingredients-icon.png in Resources */,
				B0580E63204E143000AF67BD /* login_app_icon.png in Resources */,
				B02689AF2058A1470059179A /* cell-selection-icon.png in Resources */,
				B0A410F8204CF3C000341042 /* Lato-Semibold.ttf in Resources */,
				B053C9C6206C2730001E0411 /* recipe-name-icon.png in Resources */,
				B02689AA205861CD0059179A /* dessert-icon.png in Resources */,
				B0A410FD204CF3C000341042 /* Lato-BoldItalic.ttf in Resources */,
				B02689AB205861CD0059179A /* vegetarian-icon.png in Resources */,
				B02689AD20586CE00059179A /* seafood-icon.png in Resources */,
				B0A410F6204CF3C000341042 /* Lato-Hairline.ttf in Resources */,
				B0A410FA204CF3C000341042 /* OFL.txt in Resources */,
				B0272A4C2056EFC7003D662C /* profile-login-icon.png in Resources */,
				B0A410FC204CF3C000341042 /* README.txt in Resources */,
				B0A410D6204CF28D00341042 /* login_background.png in Resources */,
				B02689A8205861CD0059179A /* red-meat-icon.png in Resources */,
				B0580E5C204E0D2900AF67BD /* password_login_icon.png in Resources */,
				B0580E61204E110F00AF67BD /* login_button_background.png in Resources */,
				B0A410F1204CF3C000341042 /* Lato-Bold.ttf in Resources */,
				B0A410F5204CF3C000341042 /* Lato-Regular.ttf in Resources */,
				B02ACF94205CAE4300D8953B /* quick-recipe-icon.png in Resources */,
				B0A410F2204CF3C000341042 /* Lato-Black.ttf in Resources */,
				B0580E5F204E0F5F00AF67BD /* username_login_icon.png in Resources */,
				B0A410EF204CF3C000341042 /* Lato-LightItalic.ttf in Resources */,
			);
			runOnlyForDeploymentPostprocessing = 0;
		};
/* End PBXResourcesBuildPhase section */

/* Begin PBXShellScriptBuildPhase section */
		60514895894897B083CE0819 /* [CP] Copy Pods Resources */ = {
			isa = PBXShellScriptBuildPhase;
			buildActionMask = 2147483647;
			files = (
			);
			inputPaths = (
				"${SRCROOT}/Pods/Target Support Files/Pods-Munch/Pods-Munch-resources.sh",
				"${PODS_ROOT}/GoogleSignIn/Resources/GoogleSignIn.bundle",
			);
			name = "[CP] Copy Pods Resources";
			outputPaths = (
				"${TARGET_BUILD_DIR}/${UNLOCALIZED_RESOURCES_FOLDER_PATH}",
			);
			runOnlyForDeploymentPostprocessing = 0;
			shellPath = /bin/sh;
			shellScript = "\"${SRCROOT}/Pods/Target Support Files/Pods-Munch/Pods-Munch-resources.sh\"\n";
			showEnvVarsInLog = 0;
		};
		A63D6EE45273F5893957C8B3 /* [CP] Check Pods Manifest.lock */ = {
			isa = PBXShellScriptBuildPhase;
			buildActionMask = 2147483647;
			files = (
			);
			inputPaths = (
				"${PODS_PODFILE_DIR_PATH}/Podfile.lock",
				"${PODS_ROOT}/Manifest.lock",
			);
			name = "[CP] Check Pods Manifest.lock";
			outputPaths = (
				"$(DERIVED_FILE_DIR)/Pods-Munch-checkManifestLockResult.txt",
			);
			runOnlyForDeploymentPostprocessing = 0;
			shellPath = /bin/sh;
			shellScript = "diff \"${PODS_PODFILE_DIR_PATH}/Podfile.lock\" \"${PODS_ROOT}/Manifest.lock\" > /dev/null\nif [ $? != 0 ] ; then\n    # print error to STDERR\n    echo \"error: The sandbox is not in sync with the Podfile.lock. Run 'pod install' or update your CocoaPods installation.\" >&2\n    exit 1\nfi\n# This output is used by Xcode 'outputs' to avoid re-running this script phase.\necho \"SUCCESS\" > \"${SCRIPT_OUTPUT_FILE_0}\"\n";
			showEnvVarsInLog = 0;
		};
		BA6C4BF9FF4C22F499AF80F8 /* [CP] Embed Pods Frameworks */ = {
			isa = PBXShellScriptBuildPhase;
			buildActionMask = 2147483647;
			files = (
			);
			inputPaths = (
				"${SRCROOT}/Pods/Target Support Files/Pods-Munch/Pods-Munch-frameworks.sh",
				"${BUILT_PRODUCTS_DIR}/Charts/Charts.framework",
				"${BUILT_PRODUCTS_DIR}/ChartsRealm/ChartsRealm.framework",
				"${BUILT_PRODUCTS_DIR}/GTMOAuth2/GTMOAuth2.framework",
				"${BUILT_PRODUCTS_DIR}/GTMSessionFetcher/GTMSessionFetcher.framework",
				"${BUILT_PRODUCTS_DIR}/GoogleToolboxForMac/GoogleToolboxForMac.framework",
				"${BUILT_PRODUCTS_DIR}/Realm/Realm.framework",
				"${BUILT_PRODUCTS_DIR}/RealmSwift/RealmSwift.framework",
				"${BUILT_PRODUCTS_DIR}/leveldb-library/leveldb.framework",
				"${BUILT_PRODUCTS_DIR}/nanopb/nanopb.framework",
			);
			name = "[CP] Embed Pods Frameworks";
			outputPaths = (
				"${TARGET_BUILD_DIR}/${FRAMEWORKS_FOLDER_PATH}/Charts.framework",
				"${TARGET_BUILD_DIR}/${FRAMEWORKS_FOLDER_PATH}/ChartsRealm.framework",
				"${TARGET_BUILD_DIR}/${FRAMEWORKS_FOLDER_PATH}/GTMOAuth2.framework",
				"${TARGET_BUILD_DIR}/${FRAMEWORKS_FOLDER_PATH}/GTMSessionFetcher.framework",
				"${TARGET_BUILD_DIR}/${FRAMEWORKS_FOLDER_PATH}/GoogleToolboxForMac.framework",
				"${TARGET_BUILD_DIR}/${FRAMEWORKS_FOLDER_PATH}/Realm.framework",
				"${TARGET_BUILD_DIR}/${FRAMEWORKS_FOLDER_PATH}/RealmSwift.framework",
				"${TARGET_BUILD_DIR}/${FRAMEWORKS_FOLDER_PATH}/leveldb.framework",
				"${TARGET_BUILD_DIR}/${FRAMEWORKS_FOLDER_PATH}/nanopb.framework",
			);
			runOnlyForDeploymentPostprocessing = 0;
			shellPath = /bin/sh;
			shellScript = "\"${SRCROOT}/Pods/Target Support Files/Pods-Munch/Pods-Munch-frameworks.sh\"\n";
			showEnvVarsInLog = 0;
		};
/* End PBXShellScriptBuildPhase section */

/* Begin PBXSourcesBuildPhase section */
		B06175CE204CEB2A00462CCE /* Sources */ = {
			isa = PBXSourcesBuildPhase;
			buildActionMask = 2147483647;
			files = (
				B053C9C4206AD143001E0411 /* NewRecipeFullViewController.swift in Sources */,
				B02ACF91205CA8FC00D8953B /* NewRecipeSelection.swift in Sources */,
				B06175D8204CEB2A00462CCE /* LoginViewController.swift in Sources */,
				B0580E69204F50C400AF67BD /* NewUserViewController.swift in Sources */,
				B0B13AA9205835AD0013C38B /* CookingCategories.swift in Sources */,
				B0272A4A20564540003D662C /* UserProfile.swift in Sources */,
				B06175D6204CEB2A00462CCE /* AppDelegate.swift in Sources */,
				B02E97BB205221850000AB47 /* HomeViewController.swift in Sources */,
				B0B13AA4205832040013C38B /* KitchenViewController.swift in Sources */,
				B0B13AA6205835190013C38B /* CookingCategory.swift in Sources */,
				B09DFCF120681BCF0037AFD7 /* Recipe.swift in Sources */,
				B0B13A9D20582DF60013C38B /* PantryViewController.swift in Sources */,
				B09DFCEF2065780C0037AFD7 /* RecipeCategoryListViewController.swift in Sources */,
				B0B13AA020582E930013C38B /* SegueFromLeft.swift in Sources */,
				B08AFABB2054597B00B7DF2F /* FoodItem.swift in Sources */,
				B0B13AA220582EB00013C38B /* SegueFromRight.swift in Sources */,
			);
			runOnlyForDeploymentPostprocessing = 0;
		};
/* End PBXSourcesBuildPhase section */

/* Begin PBXVariantGroup section */
		B06175D9204CEB2A00462CCE /* Main.storyboard */ = {
			isa = PBXVariantGroup;
			children = (
				B06175DA204CEB2A00462CCE /* Base */,
			);
			name = Main.storyboard;
			sourceTree = "<group>";
		};
		B06175DE204CEB2A00462CCE /* LaunchScreen.storyboard */ = {
			isa = PBXVariantGroup;
			children = (
				B06175DF204CEB2A00462CCE /* Base */,
			);
			name = LaunchScreen.storyboard;
			sourceTree = "<group>";
		};
/* End PBXVariantGroup section */

/* Begin XCBuildConfiguration section */
		B06175E2204CEB2A00462CCE /* Debug */ = {
			isa = XCBuildConfiguration;
			buildSettings = {
				ALWAYS_SEARCH_USER_PATHS = NO;
				CLANG_ANALYZER_NONNULL = YES;
				CLANG_ANALYZER_NUMBER_OBJECT_CONVERSION = YES_AGGRESSIVE;
				CLANG_CXX_LANGUAGE_STANDARD = "gnu++14";
				CLANG_CXX_LIBRARY = "libc++";
				CLANG_ENABLE_MODULES = YES;
				CLANG_ENABLE_OBJC_ARC = YES;
				CLANG_WARN_BLOCK_CAPTURE_AUTORELEASING = YES;
				CLANG_WARN_BOOL_CONVERSION = YES;
				CLANG_WARN_COMMA = YES;
				CLANG_WARN_CONSTANT_CONVERSION = YES;
				CLANG_WARN_DIRECT_OBJC_ISA_USAGE = YES_ERROR;
				CLANG_WARN_DOCUMENTATION_COMMENTS = YES;
				CLANG_WARN_EMPTY_BODY = YES;
				CLANG_WARN_ENUM_CONVERSION = YES;
				CLANG_WARN_INFINITE_RECURSION = YES;
				CLANG_WARN_INT_CONVERSION = YES;
				CLANG_WARN_NON_LITERAL_NULL_CONVERSION = YES;
				CLANG_WARN_OBJC_LITERAL_CONVERSION = YES;
				CLANG_WARN_OBJC_ROOT_CLASS = YES_ERROR;
				CLANG_WARN_RANGE_LOOP_ANALYSIS = YES;
				CLANG_WARN_STRICT_PROTOTYPES = YES;
				CLANG_WARN_SUSPICIOUS_MOVE = YES;
				CLANG_WARN_UNGUARDED_AVAILABILITY = YES_AGGRESSIVE;
				CLANG_WARN_UNREACHABLE_CODE = YES;
				CLANG_WARN__DUPLICATE_METHOD_MATCH = YES;
				CODE_SIGN_IDENTITY = "iPhone Developer";
				COPY_PHASE_STRIP = NO;
				DEBUG_INFORMATION_FORMAT = dwarf;
				ENABLE_STRICT_OBJC_MSGSEND = YES;
				ENABLE_TESTABILITY = YES;
				GCC_C_LANGUAGE_STANDARD = gnu11;
				GCC_DYNAMIC_NO_PIC = NO;
				GCC_NO_COMMON_BLOCKS = YES;
				GCC_OPTIMIZATION_LEVEL = 0;
				GCC_PREPROCESSOR_DEFINITIONS = (
					"DEBUG=1",
					"$(inherited)",
				);
				GCC_WARN_64_TO_32_BIT_CONVERSION = YES;
				GCC_WARN_ABOUT_RETURN_TYPE = YES_ERROR;
				GCC_WARN_UNDECLARED_SELECTOR = YES;
				GCC_WARN_UNINITIALIZED_AUTOS = YES_AGGRESSIVE;
				GCC_WARN_UNUSED_FUNCTION = YES;
				GCC_WARN_UNUSED_VARIABLE = YES;
				IPHONEOS_DEPLOYMENT_TARGET = 11.2;
				MTL_ENABLE_DEBUG_INFO = YES;
				ONLY_ACTIVE_ARCH = YES;
				SDKROOT = iphoneos;
				SWIFT_ACTIVE_COMPILATION_CONDITIONS = DEBUG;
				SWIFT_OPTIMIZATION_LEVEL = "-Onone";
			};
			name = Debug;
		};
		B06175E3204CEB2A00462CCE /* Release */ = {
			isa = XCBuildConfiguration;
			buildSettings = {
				ALWAYS_SEARCH_USER_PATHS = NO;
				CLANG_ANALYZER_NONNULL = YES;
				CLANG_ANALYZER_NUMBER_OBJECT_CONVERSION = YES_AGGRESSIVE;
				CLANG_CXX_LANGUAGE_STANDARD = "gnu++14";
				CLANG_CXX_LIBRARY = "libc++";
				CLANG_ENABLE_MODULES = YES;
				CLANG_ENABLE_OBJC_ARC = YES;
				CLANG_WARN_BLOCK_CAPTURE_AUTORELEASING = YES;
				CLANG_WARN_BOOL_CONVERSION = YES;
				CLANG_WARN_COMMA = YES;
				CLANG_WARN_CONSTANT_CONVERSION = YES;
				CLANG_WARN_DIRECT_OBJC_ISA_USAGE = YES_ERROR;
				CLANG_WARN_DOCUMENTATION_COMMENTS = YES;
				CLANG_WARN_EMPTY_BODY = YES;
				CLANG_WARN_ENUM_CONVERSION = YES;
				CLANG_WARN_INFINITE_RECURSION = YES;
				CLANG_WARN_INT_CONVERSION = YES;
				CLANG_WARN_NON_LITERAL_NULL_CONVERSION = YES;
				CLANG_WARN_OBJC_LITERAL_CONVERSION = YES;
				CLANG_WARN_OBJC_ROOT_CLASS = YES_ERROR;
				CLANG_WARN_RANGE_LOOP_ANALYSIS = YES;
				CLANG_WARN_STRICT_PROTOTYPES = YES;
				CLANG_WARN_SUSPICIOUS_MOVE = YES;
				CLANG_WARN_UNGUARDED_AVAILABILITY = YES_AGGRESSIVE;
				CLANG_WARN_UNREACHABLE_CODE = YES;
				CLANG_WARN__DUPLICATE_METHOD_MATCH = YES;
				CODE_SIGN_IDENTITY = "iPhone Developer";
				COPY_PHASE_STRIP = NO;
				DEBUG_INFORMATION_FORMAT = "dwarf-with-dsym";
				ENABLE_NS_ASSERTIONS = NO;
				ENABLE_STRICT_OBJC_MSGSEND = YES;
				GCC_C_LANGUAGE_STANDARD = gnu11;
				GCC_NO_COMMON_BLOCKS = YES;
				GCC_WARN_64_TO_32_BIT_CONVERSION = YES;
				GCC_WARN_ABOUT_RETURN_TYPE = YES_ERROR;
				GCC_WARN_UNDECLARED_SELECTOR = YES;
				GCC_WARN_UNINITIALIZED_AUTOS = YES_AGGRESSIVE;
				GCC_WARN_UNUSED_FUNCTION = YES;
				GCC_WARN_UNUSED_VARIABLE = YES;
				IPHONEOS_DEPLOYMENT_TARGET = 11.2;
				MTL_ENABLE_DEBUG_INFO = NO;
				SDKROOT = iphoneos;
				SWIFT_OPTIMIZATION_LEVEL = "-Owholemodule";
				VALIDATE_PRODUCT = YES;
			};
			name = Release;
		};
		B06175E5204CEB2A00462CCE /* Debug */ = {
			isa = XCBuildConfiguration;
			baseConfigurationReference = BCCE8041DC44A2C9976B2C6E /* Pods-Munch.debug.xcconfig */;
			buildSettings = {
				ASSETCATALOG_COMPILER_APPICON_NAME = AppIcon;
				CODE_SIGN_STYLE = Automatic;
				DEVELOPMENT_TEAM = X984X22XTP;
				INFOPLIST_FILE = Munch/Info.plist;
				LD_RUNPATH_SEARCH_PATHS = "$(inherited) @executable_path/Frameworks";
				PRODUCT_BUNDLE_IDENTIFIER = drothfeld.Munch;
				PRODUCT_NAME = "$(TARGET_NAME)";
				SWIFT_VERSION = 4.0;
				TARGETED_DEVICE_FAMILY = "1,2";
			};
			name = Debug;
		};
		B06175E6204CEB2A00462CCE /* Release */ = {
			isa = XCBuildConfiguration;
			baseConfigurationReference = 849FDCB9F6529C7B18E939C7 /* Pods-Munch.release.xcconfig */;
			buildSettings = {
				ASSETCATALOG_COMPILER_APPICON_NAME = AppIcon;
				CODE_SIGN_STYLE = Automatic;
				DEVELOPMENT_TEAM = X984X22XTP;
				INFOPLIST_FILE = Munch/Info.plist;
				LD_RUNPATH_SEARCH_PATHS = "$(inherited) @executable_path/Frameworks";
				PRODUCT_BUNDLE_IDENTIFIER = drothfeld.Munch;
				PRODUCT_NAME = "$(TARGET_NAME)";
				SWIFT_VERSION = 4.0;
				TARGETED_DEVICE_FAMILY = "1,2";
			};
			name = Release;
		};
/* End XCBuildConfiguration section */

/* Begin XCConfigurationList section */
		B06175CD204CEB2A00462CCE /* Build configuration list for PBXProject "Munch" */ = {
			isa = XCConfigurationList;
			buildConfigurations = (
				B06175E2204CEB2A00462CCE /* Debug */,
				B06175E3204CEB2A00462CCE /* Release */,
			);
			defaultConfigurationIsVisible = 0;
			defaultConfigurationName = Release;
		};
		B06175E4204CEB2A00462CCE /* Build configuration list for PBXNativeTarget "Munch" */ = {
			isa = XCConfigurationList;
			buildConfigurations = (
				B06175E5204CEB2A00462CCE /* Debug */,
				B06175E6204CEB2A00462CCE /* Release */,
			);
			defaultConfigurationIsVisible = 0;
			defaultConfigurationName = Release;
		};
/* End XCConfigurationList section */
	};
	rootObject = B06175CA204CEB2A00462CCE /* Project object */;
}
